{
  "originHash" : "605cea4f3350a31294ce395db7eb29a3ebe8424f861e7b6ee059e2e4d08d6714",
  "pins" : [
    {
      "identity" : "couchbase-lite-ios-vector-search-spm",
      "kind" : "remoteSourceControl",
      "location" : "https://github.com/couchbase/couchbase-lite-ios-vector-search-spm/",
      "state" : {
        "revision" : "0d275616008c0774c82cf39c9b9d915b37b69b78",
        "version" : "2.0.0"
      }
    },
    {
      "identity" : "couchbase-lite-swift-ee",
      "kind" : "remoteSourceControl",
      "location" : "https://github.com/couchbase/couchbase-lite-swift-ee.git",
      "state" : {
        "revision" : "f3e547defe410580d9f91567cc923696d378c535",
        "version" : "4.0.0"
      }
    }
  ],
  "version" : 3
}
